
Microsoft Visual Studio Solution File, Format Version 12.00
# Visual Studio Version 16
VisualStudioVersion = 16.0.32106.194
MinimumVisualStudioVersion = 10.0.40219.1
Project("{FAE04EC0-301F-11D3-BF4B-00C04F79EFBC}") = "ChroMapper-VRMAvatar", "ChroMapper-VRMAvatar\ChroMapper-VRMAvatar.csproj", "{DD228AC5-5ECB-48DD-9ECB-C135735CE10F}"
EndProject
Global
	GlobalSection(SolutionConfigurationPlatforms) = preSolution
		Debug|Any CPU = Debug|Any CPU
		Release|Any CPU = Release|Any CPU
	EndGlobalSection
	GlobalSection(ProjectConfigurationPlatforms) = postSolution
		{DD228AC5-5ECB-48DD-9ECB-C135735CE10F}.Debug|Any CPU.ActiveCfg = Debug|Any CPU
		{DD228AC5-5ECB-48DD-9ECB-C135735CE10F}.Debug|Any CPU.Build.0 = Debug|Any CPU
		{DD228AC5-5ECB-48DD-9ECB-C135735CE10F}.Release|Any CPU.ActiveCfg = Release|Any CPU
		{DD228AC5-5ECB-48DD-9ECB-C135735CE10F}.Release|Any CPU.Build.0 = Release|Any CPU
	EndGlobalSection
	GlobalSection(SolutionProperties) = preSolution
		HideSolutionNode = FALSE
	EndGlobalSection
	GlobalSection(ExtensibilityGlobals) = postSolution
		SolutionGuid = {BE5D74AD-8084-4279-8FDC-A696CB8BAE3C}
	EndGlobalSection
EndGlobal
